
Microsoft Visual Studio Solution File, Format Version 12.00
# Visual Studio Version 16
VisualStudioVersion = 16.0.30717.126
MinimumVisualStudioVersion = 10.0.40219.1
Project("{FAE04EC0-301F-11D3-BF4B-00C04F79EFBC}") = "CPSysFiscalEx", "CPSysFiscalEx\CPSysFiscalEx.csproj", "{0B702910-6810-47B3-AFB4-E8B7B2334573}"
EndProject
Global
	GlobalSection(SolutionConfigurationPlatforms) = preSolution
		Debug|Any CPU = Debug|Any CPU
		Release|Any CPU = Release|Any CPU
	EndGlobalSection
	GlobalSection(ProjectConfigurationPlatforms) = postSolution
		{0B702910-6810-47B3-AFB4-E8B7B2334573}.Debug|Any CPU.ActiveCfg = Debug|Any CPU
		{0B702910-6810-47B3-AFB4-E8B7B2334573}.Debug|Any CPU.Build.0 = Debug|Any CPU
		{0B702910-6810-47B3-AFB4-E8B7B2334573}.Release|Any CPU.ActiveCfg = Release|Any CPU
		{0B702910-6810-47B3-AFB4-E8B7B2334573}.Release|Any CPU.Build.0 = Release|Any CPU
	EndGlobalSection
	GlobalSection(SolutionProperties) = preSolution
		HideSolutionNode = FALSE
	EndGlobalSection
	GlobalSection(ExtensibilityGlobals) = postSolution
		SolutionGuid = {D7D5E717-70C5-4B9F-A555-CCACEC37EF2B}
	EndGlobalSection
EndGlobal
